// !$*UTF8*$!
{
	archiveVersion = 1;
	classes = {
	};
	objectVersion = 70;
	objects = {

/* Begin PBXBuildFile section */
		683008252D5C44EC009C46E6 /* IMG_3156.MOV in Resources */ = {isa = PBXBuildFile; fileRef = 683008242D5C44EC009C46E6 /* IMG_3156.MOV */; };
		87244EE32A77802000875A27 /* KakaposExamplesApp.swift in Sources */ = {isa = PBXBuildFile; fileRef = 87244EE22A77802000875A27 /* KakaposExamplesApp.swift */; };
		87244EE52A77802000875A27 /* ContentView.swift in Sources */ = {isa = PBXBuildFile; fileRef = 87244EE42A77802000875A27 /* ContentView.swift */; };
		87244EE72A77802200875A27 /* Assets.xcassets in Resources */ = {isa = PBXBuildFile; fileRef = 87244EE62A77802200875A27 /* Assets.xcassets */; };
		87244EEB2A77802200875A27 /* Preview Assets.xcassets in Resources */ = {isa = PBXBuildFile; fileRef = 87244EEA2A77802200875A27 /* Preview Assets.xcassets */; };
		F7CE63412F752BCE00A57E99 /* Harbeth in Frameworks */ = {isa = PBXBuildFile; productRef = F7CE63402F752BCE00A57E99 /* Harbeth */; };
		F7E48A6B2F757904002B22D9 /* IMG_1388.mp4 in Resources */ = {isa = PBXBuildFile; fileRef = F7E48A6A2F757904002B22D9 /* IMG_1388.mp4 */; };
/* End PBXBuildFile section */

/* Begin PBXFileReference section */
		683008242D5C44EC009C46E6 /* IMG_3156.MOV */ = {isa = PBXFileReference; lastKnownFileType = video.quicktime; path = IMG_3156.MOV; sourceTree = "<group>"; };
		87244ED82A7761E900875A27 /* README.md */ = {isa = PBXFileReference; lastKnownFileType = net.daringfireball.markdown; path = README.md; sourceTree = SOURCE_ROOT; };
		87244ED92A7761E900875A27 /* Kakapos.podspec */ = {isa = PBXFileReference; lastKnownFileType = text; path = Kakapos.podspec; sourceTree = SOURCE_ROOT; };
		87244EE22A77802000875A27 /* KakaposExamplesApp.swift */ = {isa = PBXFileReference; lastKnownFileType = sourcecode.swift; path = KakaposExamplesApp.swift; sourceTree = "<group>"; };
		87244EE42A77802000875A27 /* ContentView.swift */ = {isa = PBXFileReference; lastKnownFileType = sourcecode.swift; path = ContentView.swift; sourceTree = "<group>"; };
		87244EE62A77802200875A27 /* Assets.xcassets */ = {isa = PBXFileReference; lastKnownFileType = folder.assetcatalog; path = Assets.xcassets; sourceTree = "<group>"; };
		87244EE82A77802200875A27 /* KakaposExamples.entitlements */ = {isa = PBXFileReference; lastKnownFileType = text.plist.entitlements; path = KakaposExamples.entitlements; sourceTree = "<group>"; };
		87244EEA2A77802200875A27 /* Preview Assets.xcassets */ = {isa = PBXFileReference; lastKnownFileType = folder.assetcatalog; path = "Preview Assets.xcassets"; sourceTree = "<group>"; };
		87244EFD2A77846E00875A27 /* KakaposExamples.app */ = {isa = PBXFileReference; explicitFileType = wrapper.application; includeInIndex = 0; path = KakaposExamples.app; sourceTree = BUILT_PRODUCTS_DIR; };
		87244F022A778F4500875A27 /* Info.plist */ = {isa = PBXFileReference; lastKnownFileType = text.plist; path = Info.plist; sourceTree = "<group>"; };
		F7E48A6A2F757904002B22D9 /* IMG_1388.mp4 */ = {isa = PBXFileReference; lastKnownFileType = file; path = IMG_1388.mp4; sourceTree = "<group>"; };
/* End PBXFileReference section */

/* Begin PBXFileSystemSynchronizedRootGroup section */
		F7E48A5C2F756805002B22D9 /* Sources */ = {isa = PBXFileSystemSynchronizedRootGroup; explicitFileTypes = {}; explicitFolders = (); path = Sources; sourceTree = "<group>"; };
/* End PBXFileSystemSynchronizedRootGroup section */

/* Begin PBXFrameworksBuildPhase section */
		87244EDD2A77802000875A27 /* Frameworks */ = {
			isa = PBXFrameworksBuildPhase;
			buildActionMask = 2147483647;
			files = (
				F7CE63412F752BCE00A57E99 /* Harbeth in Frameworks */,
			);
			runOnlyForDeploymentPostprocessing = 0;
		};
/* End PBXFrameworksBuildPhase section */

/* Begin PBXGroup section */
		87244EE12A77802000875A27 /* KakaposExamples */ = {
			isa = PBXGroup;
			children = (
				87244EE22A77802000875A27 /* KakaposExamplesApp.swift */,
				87244EE42A77802000875A27 /* ContentView.swift */,
				87244F022A778F4500875A27 /* Info.plist */,
				683008242D5C44EC009C46E6 /* IMG_3156.MOV */,
				F7E48A6A2F757904002B22D9 /* IMG_1388.mp4 */,
				87244EE62A77802200875A27 /* Assets.xcassets */,
				87244EE82A77802200875A27 /* KakaposExamples.entitlements */,
				87244EE92A77802200875A27 /* Preview Content */,
			);
			path = KakaposExamples;
			sourceTree = "<group>";
		};
		87244EE92A77802200875A27 /* Preview Content */ = {
			isa = PBXGroup;
			children = (
				87244EEA2A77802200875A27 /* Preview Assets.xcassets */,
			);
			path = "Preview Content";
			sourceTree = "<group>";
		};
		87244F032A778F4F00875A27 /* Frameworks */ = {
			isa = PBXGroup;
			children = (
			);
			name = Frameworks;
			sourceTree = "<group>";
		};
		8762D4482977C4D4009405E2 = {
			isa = PBXGroup;
			children = (
				87244ED92A7761E900875A27 /* Kakapos.podspec */,
				87244ED82A7761E900875A27 /* README.md */,
				87244EFD2A77846E00875A27 /* KakaposExamples.app */,
				F7E48A5C2F756805002B22D9 /* Sources */,
				87244EE12A77802000875A27 /* KakaposExamples */,
				87244F032A778F4F00875A27 /* Frameworks */,
			);
			sourceTree = "<group>";
		};
/* End PBXGroup section */

/* Begin PBXNativeTarget section */
		87244EDF2A77802000875A27 /* KakaposExamples */ = {
			isa = PBXNativeTarget;
			buildConfigurationList = 87244EEC2A77802200875A27 /* Build configuration list for PBXNativeTarget "KakaposExamples" */;
			buildPhases = (
				87244EDC2A77802000875A27 /* Sources */,
				87244EDD2A77802000875A27 /* Frameworks */,
				87244EDE2A77802000875A27 /* Resources */,
			);
			buildRules = (
			);
			dependencies = (
			);
			fileSystemSynchronizedGroups = (
				F7E48A5C2F756805002B22D9 /* Sources */,
			);
			name = KakaposExamples;
			packageProductDependencies = (
				F7CE63402F752BCE00A57E99 /* Harbeth */,
			);
			productName = KakaposExamples;
			productReference = 87244EFD2A77846E00875A27 /* KakaposExamples.app */;
			productType = "com.apple.product-type.application";
		};
/* End PBXNativeTarget section */

/* Begin PBXProject section */
		8762D4492977C4D4009405E2 /* Project object */ = {
			isa = PBXProject;
			attributes = {
				BuildIndependentTargetsInParallel = 1;
				LastSwiftUpdateCheck = 1420;
				LastUpgradeCheck = 1410;
				TargetAttributes = {
					87244EDF2A77802000875A27 = {
						CreatedOnToolsVersion = 14.2;
					};
				};
			};
			buildConfigurationList = 8762D44C2977C4D4009405E2 /* Build configuration list for PBXProject "Kakapos" */;
			compatibilityVersion = "Xcode 14.0";
			developmentRegion = en;
			hasScannedForEncodings = 0;
			knownRegions = (
				en,
				Base,
			);
			mainGroup = 8762D4482977C4D4009405E2;
			packageReferences = (
				F7CE633F2F752BCE00A57E99 /* XCRemoteSwiftPackageReference "Harbeth" */,
			);
			productRefGroup = 8762D4482977C4D4009405E2;
			projectDirPath = "";
			projectRoot = "";
			targets = (
				87244EDF2A77802000875A27 /* KakaposExamples */,
			);
		};
/* End PBXProject section */

/* Begin PBXResourcesBuildPhase section */
		87244EDE2A77802000875A27 /* Resources */ = {
			isa = PBXResourcesBuildPhase;
			buildActionMask = 2147483647;
			files = (
				87244EEB2A77802200875A27 /* Preview Assets.xcassets in Resources */,
				683008252D5C44EC009C46E6 /* IMG_3156.MOV in Resources */,
				F7E48A6B2F757904002B22D9 /* IMG_1388.mp4 in Resources */,
				87244EE72A77802200875A27 /* Assets.xcassets in Resources */,
			);
			runOnlyForDeploymentPostprocessing = 0;
		};
/* End PBXResourcesBuildPhase section */

/* Begin PBXSourcesBuildPhase section */
		87244EDC2A77802000875A27 /* Sources */ = {
			isa = PBXSourcesBuildPhase;
			buildActionMask = 2147483647;
			files = (
				87244EE52A77802000875A27 /* ContentView.swift in Sources */,
				87244EE32A77802000875A27 /* KakaposExamplesApp.swift in Sources */,
			);
			runOnlyForDeploymentPostprocessing = 0;
		};
/* End PBXSourcesBuildPhase section */

/* Begin XCBuildConfiguration section */
		87244EED2A77802200875A27 /* Debug */ = {
			isa = XCBuildConfiguration;
			buildSettings = {
				ASSETCATALOG_COMPILER_APPICON_NAME = AppIcon;
				ASSETCATALOG_COMPILER_GLOBAL_ACCENT_COLOR_NAME = AccentColor;
				CODE_SIGN_ENTITLEMENTS = KakaposExamples/KakaposExamples.entitlements;
				CODE_SIGN_STYLE = Automatic;
				CURRENT_PROJECT_VERSION = 1;
				DEVELOPMENT_ASSET_PATHS = "\"KakaposExamples/Preview Content\"";
				DEVELOPMENT_TEAM = "";
				ENABLE_HARDENED_RUNTIME = YES;
				ENABLE_PREVIEWS = YES;
				GENERATE_INFOPLIST_FILE = YES;
				INFOPLIST_FILE = KakaposExamples/Info.plist;
				INFOPLIST_KEY_NSPhotoLibraryAddUsageDescription = "允许打开相册才能保存和编辑视频";
				INFOPLIST_KEY_NSPhotoLibraryUsageDescription = "允许打开相册才能保存和编辑视频";
				"INFOPLIST_KEY_UIApplicationSceneManifest_Generation[sdk=iphoneos*]" = YES;
				"INFOPLIST_KEY_UIApplicationSceneManifest_Generation[sdk=iphonesimulator*]" = YES;
				"INFOPLIST_KEY_UIApplicationSupportsIndirectInputEvents[sdk=iphoneos*]" = YES;
				"INFOPLIST_KEY_UIApplicationSupportsIndirectInputEvents[sdk=iphonesimulator*]" = YES;
				"INFOPLIST_KEY_UILaunchScreen_Generation[sdk=iphoneos*]" = YES;
				"INFOPLIST_KEY_UILaunchScreen_Generation[sdk=iphonesimulator*]" = YES;
				"INFOPLIST_KEY_UIStatusBarStyle[sdk=iphoneos*]" = UIStatusBarStyleDefault;
				"INFOPLIST_KEY_UIStatusBarStyle[sdk=iphonesimulator*]" = UIStatusBarStyleDefault;
				INFOPLIST_KEY_UISupportedInterfaceOrientations = "UIInterfaceOrientationLandscapeLeft UIInterfaceOrientationLandscapeRight UIInterfaceOrientationPortrait UIInterfaceOrientationPortraitUpsideDown";
				IPHONEOS_DEPLOYMENT_TARGET = 15.0;
				LD_RUNPATH_SEARCH_PATHS = "@executable_path/Frameworks";
				"LD_RUNPATH_SEARCH_PATHS[sdk=macosx*]" = "@executable_path/../Frameworks";
				MACOSX_DEPLOYMENT_TARGET = 12.5;
				MARKETING_VERSION = 1.0;
				PRODUCT_BUNDLE_IDENTIFIER = Apple.KakaposExamples;
				PRODUCT_NAME = "$(TARGET_NAME)";
				SDKROOT = auto;
				SUPPORTED_PLATFORMS = "iphoneos iphonesimulator macosx";
				SWIFT_EMIT_LOC_STRINGS = YES;
				SWIFT_VERSION = 5.0;
				TARGETED_DEVICE_FAMILY = "1,2";
			};
			name = Debug;
		};
		87244EEE2A77802200875A27 /* Release */ = {
			isa = XCBuildConfiguration;
			buildSettings = {
				ASSETCATALOG_COMPILER_APPICON_NAME = AppIcon;
				ASSETCATALOG_COMPILER_GLOBAL_ACCENT_COLOR_NAME = AccentColor;
				CODE_SIGN_ENTITLEMENTS = KakaposExamples/KakaposExamples.entitlements;
				CODE_SIGN_STYLE = Automatic;
				CURRENT_PROJECT_VERSION = 1;
				DEVELOPMENT_ASSET_PATHS = "\"KakaposExamples/Preview Content\"";
				DEVELOPMENT_TEAM = "";
				ENABLE_HARDENED_RUNTIME = YES;
				ENABLE_PREVIEWS = YES;
				GENERATE_INFOPLIST_FILE = YES;
				INFOPLIST_FILE = KakaposExamples/Info.plist;
				INFOPLIST_KEY_NSPhotoLibraryAddUsageDescription = "允许打开相册才能保存和编辑视频";
				INFOPLIST_KEY_NSPhotoLibraryUsageDescription = "允许打开相册才能保存和编辑视频";
				"INFOPLIST_KEY_UIApplicationSceneManifest_Generation[sdk=iphoneos*]" = YES;
				"INFOPLIST_KEY_UIApplicationSceneManifest_Generation[sdk=iphonesimulator*]" = YES;
				"INFOPLIST_KEY_UIApplicationSupportsIndirectInputEvents[sdk=iphoneos*]" = YES;
				"INFOPLIST_KEY_UIApplicationSupportsIndirectInputEvents[sdk=iphonesimulator*]" = YES;
				"INFOPLIST_KEY_UILaunchScreen_Generation[sdk=iphoneos*]" = YES;
				"INFOPLIST_KEY_UILaunchScreen_Generation[sdk=iphonesimulator*]" = YES;
				"INFOPLIST_KEY_UIStatusBarStyle[sdk=iphoneos*]" = UIStatusBarStyleDefault;
				"INFOPLIST_KEY_UIStatusBarStyle[sdk=iphonesimulator*]" = UIStatusBarStyleDefault;
				INFOPLIST_KEY_UISupportedInterfaceOrientations = "UIInterfaceOrientationLandscapeLeft UIInterfaceOrientationLandscapeRight UIInterfaceOrientationPortrait UIInterfaceOrientationPortraitUpsideDown";
				IPHONEOS_DEPLOYMENT_TARGET = 15.0;
				LD_RUNPATH_SEARCH_PATHS = "@executable_path/Frameworks";
				"LD_RUNPATH_SEARCH_PATHS[sdk=macosx*]" = "@executable_path/../Frameworks";
				MACOSX_DEPLOYMENT_TARGET = 12.5;
				MARKETING_VERSION = 1.0;
				PRODUCT_BUNDLE_IDENTIFIER = Apple.KakaposExamples;
				PRODUCT_NAME = "$(TARGET_NAME)";
				SDKROOT = auto;
				SUPPORTED_PLATFORMS = "iphoneos iphonesimulator macosx";
				SWIFT_EMIT_LOC_STRINGS = YES;
				SWIFT_VERSION = 5.0;
				TARGETED_DEVICE_FAMILY = "1,2";
			};
			name = Release;
		};
		8762D4632977C4D6009405E2 /* Debug */ = {
			isa = XCBuildConfiguration;
			buildSettings = {
				ALWAYS_SEARCH_USER_PATHS = NO;
				CLANG_ANALYZER_NONNULL = YES;
				CLANG_ANALYZER_NUMBER_OBJECT_CONVERSION = YES_AGGRESSIVE;
				CLANG_CXX_LANGUAGE_STANDARD = "gnu++20";
				CLANG_ENABLE_MODULES = YES;
				CLANG_ENABLE_OBJC_ARC = YES;
				CLANG_ENABLE_OBJC_WEAK = YES;
				CLANG_WARN_BLOCK_CAPTURE_AUTORELEASING = YES;
				CLANG_WARN_BOOL_CONVERSION = YES;
				CLANG_WARN_COMMA = YES;
				CLANG_WARN_CONSTANT_CONVERSION = YES;
				CLANG_WARN_DEPRECATED_OBJC_IMPLEMENTATIONS = YES;
				CLANG_WARN_DIRECT_OBJC_ISA_USAGE = YES_ERROR;
				CLANG_WARN_DOCUMENTATION_COMMENTS = YES;
				CLANG_WARN_EMPTY_BODY = YES;
				CLANG_WARN_ENUM_CONVERSION = YES;
				CLANG_WARN_INFINITE_RECURSION = YES;
				CLANG_WARN_INT_CONVERSION = YES;
				CLANG_WARN_NON_LITERAL_NULL_CONVERSION = YES;
				CLANG_WARN_OBJC_IMPLICIT_RETAIN_SELF = YES;
				CLANG_WARN_OBJC_LITERAL_CONVERSION = YES;
				CLANG_WARN_OBJC_ROOT_CLASS = YES_ERROR;
				CLANG_WARN_QUOTED_INCLUDE_IN_FRAMEWORK_HEADER = YES;
				CLANG_WARN_RANGE_LOOP_ANALYSIS = YES;
				CLANG_WARN_STRICT_PROTOTYPES = YES;
				CLANG_WARN_SUSPICIOUS_MOVE = YES;
				CLANG_WARN_UNGUARDED_AVAILABILITY = YES_AGGRESSIVE;
				CLANG_WARN_UNREACHABLE_CODE = YES;
				CLANG_WARN__DUPLICATE_METHOD_MATCH = YES;
				COPY_PHASE_STRIP = NO;
				DEBUG_INFORMATION_FORMAT = dwarf;
				ENABLE_STRICT_OBJC_MSGSEND = YES;
				ENABLE_TESTABILITY = YES;
				GCC_C_LANGUAGE_STANDARD = gnu11;
				GCC_DYNAMIC_NO_PIC = NO;
				GCC_NO_COMMON_BLOCKS = YES;
				GCC_OPTIMIZATION_LEVEL = 0;
				GCC_PREPROCESSOR_DEFINITIONS = (
					"DEBUG=1",
					"$(inherited)",
				);
				GCC_WARN_64_TO_32_BIT_CONVERSION = YES;
				GCC_WARN_ABOUT_RETURN_TYPE = YES_ERROR;
				GCC_WARN_UNDECLARED_SELECTOR = YES;
				GCC_WARN_UNINITIALIZED_AUTOS = YES_AGGRESSIVE;
				GCC_WARN_UNUSED_FUNCTION = YES;
				GCC_WARN_UNUSED_VARIABLE = YES;
				IPHONEOS_DEPLOYMENT_TARGET = 16.1;
				MTL_ENABLE_DEBUG_INFO = INCLUDE_SOURCE;
				MTL_FAST_MATH = YES;
				ONLY_ACTIVE_ARCH = YES;
				SDKROOT = iphoneos;
				SWIFT_ACTIVE_COMPILATION_CONDITIONS = DEBUG;
				SWIFT_OPTIMIZATION_LEVEL = "-Onone";
			};
			name = Debug;
		};
		8762D4642977C4D6009405E2 /* Release */ = {
			isa = XCBuildConfiguration;
			buildSettings = {
				ALWAYS_SEARCH_USER_PATHS = NO;
				CLANG_ANALYZER_NONNULL = YES;
				CLANG_ANALYZER_NUMBER_OBJECT_CONVERSION = YES_AGGRESSIVE;
				CLANG_CXX_LANGUAGE_STANDARD = "gnu++20";
				CLANG_ENABLE_MODULES = YES;
				CLANG_ENABLE_OBJC_ARC = YES;
				CLANG_ENABLE_OBJC_WEAK = YES;
				CLANG_WARN_BLOCK_CAPTURE_AUTORELEASING = YES;
				CLANG_WARN_BOOL_CONVERSION = YES;
				CLANG_WARN_COMMA = YES;
				CLANG_WARN_CONSTANT_CONVERSION = YES;
				CLANG_WARN_DEPRECATED_OBJC_IMPLEMENTATIONS = YES;
				CLANG_WARN_DIRECT_OBJC_ISA_USAGE = YES_ERROR;
				CLANG_WARN_DOCUMENTATION_COMMENTS = YES;
				CLANG_WARN_EMPTY_BODY = YES;
				CLANG_WARN_ENUM_CONVERSION = YES;
				CLANG_WARN_INFINITE_RECURSION = YES;
				CLANG_WARN_INT_CONVERSION = YES;
				CLANG_WARN_NON_LITERAL_NULL_CONVERSION = YES;
				CLANG_WARN_OBJC_IMPLICIT_RETAIN_SELF = YES;
				CLANG_WARN_OBJC_LITERAL_CONVERSION = YES;
				CLANG_WARN_OBJC_ROOT_CLASS = YES_ERROR;
				CLANG_WARN_QUOTED_INCLUDE_IN_FRAMEWORK_HEADER = YES;
				CLANG_WARN_RANGE_LOOP_ANALYSIS = YES;
				CLANG_WARN_STRICT_PROTOTYPES = YES;
				CLANG_WARN_SUSPICIOUS_MOVE = YES;
				CLANG_WARN_UNGUARDED_AVAILABILITY = YES_AGGRESSIVE;
				CLANG_WARN_UNREACHABLE_CODE = YES;
				CLANG_WARN__DUPLICATE_METHOD_MATCH = YES;
				COPY_PHASE_STRIP = NO;
				DEBUG_INFORMATION_FORMAT = "dwarf-with-dsym";
				ENABLE_NS_ASSERTIONS = NO;
				ENABLE_STRICT_OBJC_MSGSEND = YES;
				GCC_C_LANGUAGE_STANDARD = gnu11;
				GCC_NO_COMMON_BLOCKS = YES;
				GCC_WARN_64_TO_32_BIT_CONVERSION = YES;
				GCC_WARN_ABOUT_RETURN_TYPE = YES_ERROR;
				GCC_WARN_UNDECLARED_SELECTOR = YES;
				GCC_WARN_UNINITIALIZED_AUTOS = YES_AGGRESSIVE;
				GCC_WARN_UNUSED_FUNCTION = YES;
				GCC_WARN_UNUSED_VARIABLE = YES;
				IPHONEOS_DEPLOYMENT_TARGET = 16.1;
				MTL_ENABLE_DEBUG_INFO = NO;
				MTL_FAST_MATH = YES;
				SDKROOT = iphoneos;
				SWIFT_COMPILATION_MODE = wholemodule;
				SWIFT_OPTIMIZATION_LEVEL = "-O";
				VALIDATE_PRODUCT = YES;
			};
			name = Release;
		};
/* End XCBuildConfiguration section */

/* Begin XCConfigurationList section */
		87244EEC2A77802200875A27 /* Build configuration list for PBXNativeTarget "KakaposExamples" */ = {
			isa = XCConfigurationList;
			buildConfigurations = (
				87244EED2A77802200875A27 /* Debug */,
				87244EEE2A77802200875A27 /* Release */,
			);
			defaultConfigurationIsVisible = 0;
			defaultConfigurationName = Release;
		};
		8762D44C2977C4D4009405E2 /* Build configuration list for PBXProject "Kakapos" */ = {
			isa = XCConfigurationList;
			buildConfigurations = (
				8762D4632977C4D6009405E2 /* Debug */,
				8762D4642977C4D6009405E2 /* Release */,
			);
			defaultConfigurationIsVisible = 0;
			defaultConfigurationName = Release;
		};
/* End XCConfigurationList section */

/* Begin XCRemoteSwiftPackageReference section */
		F7CE633F2F752BCE00A57E99 /* XCRemoteSwiftPackageReference "Harbeth" */ = {
			isa = XCRemoteSwiftPackageReference;
			repositoryURL = "https://github.com/yangKJ/Harbeth";
			requirement = {
				kind = upToNextMajorVersion;
				minimumVersion = 2.0.0;
			};
		};
/* End XCRemoteSwiftPackageReference section */

/* Begin XCSwiftPackageProductDependency section */
		F7CE63402F752BCE00A57E99 /* Harbeth */ = {
			isa = XCSwiftPackageProductDependency;
			package = F7CE633F2F752BCE00A57E99 /* XCRemoteSwiftPackageReference "Harbeth" */;
			productName = Harbeth;
		};
/* End XCSwiftPackageProductDependency section */
	};
	rootObject = 8762D4492977C4D4009405E2 /* Project object */;
}
