// !$*UTF8*$!
{
	archiveVersion = 1;
	classes = {
	};
	objectVersion = 56;
	objects = {

/* Begin PBXBuildFile section */
		4F3CB3CC4B0AD4029314E86D /* Pods_Exporter.framework in Frameworks */ = {isa = PBXBuildFile; fileRef = 715BC8CF071A9F9A60FB60B0 /* Pods_Exporter.framework */; };
		879CB65929553A380020E820 /* AppDelegate.swift in Sources */ = {isa = PBXBuildFile; fileRef = 879CB65829553A380020E820 /* AppDelegate.swift */; };
		879CB65B29553A380020E820 /* SceneDelegate.swift in Sources */ = {isa = PBXBuildFile; fileRef = 879CB65A29553A380020E820 /* SceneDelegate.swift */; };
		879CB65D29553A380020E820 /* ViewController.swift in Sources */ = {isa = PBXBuildFile; fileRef = 879CB65C29553A380020E820 /* ViewController.swift */; };
		879CB66029553A380020E820 /* Main.storyboard in Resources */ = {isa = PBXBuildFile; fileRef = 879CB65E29553A380020E820 /* Main.storyboard */; };
		879CB66229553A390020E820 /* Assets.xcassets in Resources */ = {isa = PBXBuildFile; fileRef = 879CB66129553A390020E820 /* Assets.xcassets */; };
		879CB66529553A390020E820 /* LaunchScreen.storyboard in Resources */ = {isa = PBXBuildFile; fileRef = 879CB66329553A390020E820 /* LaunchScreen.storyboard */; };
		879CB67029553A680020E820 /* Compositor.swift in Sources */ = {isa = PBXBuildFile; fileRef = 879CB66D29553A670020E820 /* Compositor.swift */; };
		879CB67129553A680020E820 /* CompositionInstruction.swift in Sources */ = {isa = PBXBuildFile; fileRef = 879CB66E29553A670020E820 /* CompositionInstruction.swift */; };
		879CB67229553A680020E820 /* Exporter.swift in Sources */ = {isa = PBXBuildFile; fileRef = 879CB66F29553A670020E820 /* Exporter.swift */; };
/* End PBXBuildFile section */

/* Begin PBXFileReference section */
		715BC8CF071A9F9A60FB60B0 /* Pods_Exporter.framework */ = {isa = PBXFileReference; explicitFileType = wrapper.framework; includeInIndex = 0; path = Pods_Exporter.framework; sourceTree = BUILT_PRODUCTS_DIR; };
		879CB65529553A380020E820 /* Exporter.app */ = {isa = PBXFileReference; explicitFileType = wrapper.application; includeInIndex = 0; path = Exporter.app; sourceTree = BUILT_PRODUCTS_DIR; };
		879CB65829553A380020E820 /* AppDelegate.swift */ = {isa = PBXFileReference; lastKnownFileType = sourcecode.swift; path = AppDelegate.swift; sourceTree = "<group>"; };
		879CB65A29553A380020E820 /* SceneDelegate.swift */ = {isa = PBXFileReference; lastKnownFileType = sourcecode.swift; path = SceneDelegate.swift; sourceTree = "<group>"; };
		879CB65C29553A380020E820 /* ViewController.swift */ = {isa = PBXFileReference; lastKnownFileType = sourcecode.swift; path = ViewController.swift; sourceTree = "<group>"; };
		879CB65F29553A380020E820 /* Base */ = {isa = PBXFileReference; lastKnownFileType = file.storyboard; name = Base; path = Base.lproj/Main.storyboard; sourceTree = "<group>"; };
		879CB66129553A390020E820 /* Assets.xcassets */ = {isa = PBXFileReference; lastKnownFileType = folder.assetcatalog; path = Assets.xcassets; sourceTree = "<group>"; };
		879CB66429553A390020E820 /* Base */ = {isa = PBXFileReference; lastKnownFileType = file.storyboard; name = Base; path = Base.lproj/LaunchScreen.storyboard; sourceTree = "<group>"; };
		879CB66629553A390020E820 /* Info.plist */ = {isa = PBXFileReference; lastKnownFileType = text.plist.xml; path = Info.plist; sourceTree = "<group>"; };
		879CB66D29553A670020E820 /* Compositor.swift */ = {isa = PBXFileReference; fileEncoding = 4; lastKnownFileType = sourcecode.swift; path = Compositor.swift; sourceTree = "<group>"; };
		879CB66E29553A670020E820 /* CompositionInstruction.swift */ = {isa = PBXFileReference; fileEncoding = 4; lastKnownFileType = sourcecode.swift; path = CompositionInstruction.swift; sourceTree = "<group>"; };
		879CB66F29553A670020E820 /* Exporter.swift */ = {isa = PBXFileReference; fileEncoding = 4; lastKnownFileType = sourcecode.swift; path = Exporter.swift; sourceTree = "<group>"; };
		B6CD0F47F9D1F40A46053ED9 /* Pods-Exporter.release.xcconfig */ = {isa = PBXFileReference; includeInIndex = 1; lastKnownFileType = text.xcconfig; name = "Pods-Exporter.release.xcconfig"; path = "Target Support Files/Pods-Exporter/Pods-Exporter.release.xcconfig"; sourceTree = "<group>"; };
		E6DD0DD42702C8989438C75A /* Pods-Exporter.debug.xcconfig */ = {isa = PBXFileReference; includeInIndex = 1; lastKnownFileType = text.xcconfig; name = "Pods-Exporter.debug.xcconfig"; path = "Target Support Files/Pods-Exporter/Pods-Exporter.debug.xcconfig"; sourceTree = "<group>"; };
/* End PBXFileReference section */

/* Begin PBXFrameworksBuildPhase section */
		879CB65229553A380020E820 /* Frameworks */ = {
			isa = PBXFrameworksBuildPhase;
			buildActionMask = 2147483647;
			files = (
				4F3CB3CC4B0AD4029314E86D /* Pods_Exporter.framework in Frameworks */,
			);
			runOnlyForDeploymentPostprocessing = 0;
		};
/* End PBXFrameworksBuildPhase section */

/* Begin PBXGroup section */
		7141C0F93A40962A2185244C /* Frameworks */ = {
			isa = PBXGroup;
			children = (
				715BC8CF071A9F9A60FB60B0 /* Pods_Exporter.framework */,
			);
			name = Frameworks;
			sourceTree = "<group>";
		};
		879CB64C29553A380020E820 = {
			isa = PBXGroup;
			children = (
				879CB65729553A380020E820 /* Exporter */,
				879CB65629553A380020E820 /* Products */,
				E704B8393C1510ADFD63747D /* Pods */,
				7141C0F93A40962A2185244C /* Frameworks */,
			);
			sourceTree = "<group>";
		};
		879CB65629553A380020E820 /* Products */ = {
			isa = PBXGroup;
			children = (
				879CB65529553A380020E820 /* Exporter.app */,
			);
			name = Products;
			sourceTree = "<group>";
		};
		879CB65729553A380020E820 /* Exporter */ = {
			isa = PBXGroup;
			children = (
				879CB65829553A380020E820 /* AppDelegate.swift */,
				879CB65A29553A380020E820 /* SceneDelegate.swift */,
				879CB65C29553A380020E820 /* ViewController.swift */,
				879CB67329553A700020E820 /* Resources */,
				879CB66C29553A670020E820 /* Source */,
			);
			path = Exporter;
			sourceTree = "<group>";
		};
		879CB66C29553A670020E820 /* Source */ = {
			isa = PBXGroup;
			children = (
				879CB66E29553A670020E820 /* CompositionInstruction.swift */,
				879CB66D29553A670020E820 /* Compositor.swift */,
				879CB66F29553A670020E820 /* Exporter.swift */,
			);
			path = Source;
			sourceTree = SOURCE_ROOT;
		};
		879CB67329553A700020E820 /* Resources */ = {
			isa = PBXGroup;
			children = (
				879CB65E29553A380020E820 /* Main.storyboard */,
				879CB66129553A390020E820 /* Assets.xcassets */,
				879CB66329553A390020E820 /* LaunchScreen.storyboard */,
				879CB66629553A390020E820 /* Info.plist */,
			);
			path = Resources;
			sourceTree = "<group>";
		};
		E704B8393C1510ADFD63747D /* Pods */ = {
			isa = PBXGroup;
			children = (
				E6DD0DD42702C8989438C75A /* Pods-Exporter.debug.xcconfig */,
				B6CD0F47F9D1F40A46053ED9 /* Pods-Exporter.release.xcconfig */,
			);
			path = Pods;
			sourceTree = "<group>";
		};
/* End PBXGroup section */

/* Begin PBXNativeTarget section */
		879CB65429553A380020E820 /* Exporter */ = {
			isa = PBXNativeTarget;
			buildConfigurationList = 879CB66929553A390020E820 /* Build configuration list for PBXNativeTarget "Exporter" */;
			buildPhases = (
				E5C70A314F48CB7F1D436062 /* [CP] Check Pods Manifest.lock */,
				879CB65129553A380020E820 /* Sources */,
				879CB65229553A380020E820 /* Frameworks */,
				879CB65329553A380020E820 /* Resources */,
				EEFCDE8EB0D25479D65ADDAE /* [CP] Embed Pods Frameworks */,
				437ECB058ED12A10B335B626 /* [CP] Copy Pods Resources */,
			);
			buildRules = (
			);
			dependencies = (
			);
			name = Exporter;
			productName = Exporter;
			productReference = 879CB65529553A380020E820 /* Exporter.app */;
			productType = "com.apple.product-type.application";
		};
/* End PBXNativeTarget section */

/* Begin PBXProject section */
		879CB64D29553A380020E820 /* Project object */ = {
			isa = PBXProject;
			attributes = {
				BuildIndependentTargetsInParallel = 1;
				LastSwiftUpdateCheck = 1410;
				LastUpgradeCheck = 1410;
				TargetAttributes = {
					879CB65429553A380020E820 = {
						CreatedOnToolsVersion = 14.1;
					};
				};
			};
			buildConfigurationList = 879CB65029553A380020E820 /* Build configuration list for PBXProject "Exporter" */;
			compatibilityVersion = "Xcode 14.0";
			developmentRegion = en;
			hasScannedForEncodings = 0;
			knownRegions = (
				en,
				Base,
			);
			mainGroup = 879CB64C29553A380020E820;
			productRefGroup = 879CB65629553A380020E820 /* Products */;
			projectDirPath = "";
			projectRoot = "";
			targets = (
				879CB65429553A380020E820 /* Exporter */,
			);
		};
/* End PBXProject section */

/* Begin PBXResourcesBuildPhase section */
		879CB65329553A380020E820 /* Resources */ = {
			isa = PBXResourcesBuildPhase;
			buildActionMask = 2147483647;
			files = (
				879CB66529553A390020E820 /* LaunchScreen.storyboard in Resources */,
				879CB66229553A390020E820 /* Assets.xcassets in Resources */,
				879CB66029553A380020E820 /* Main.storyboard in Resources */,
			);
			runOnlyForDeploymentPostprocessing = 0;
		};
/* End PBXResourcesBuildPhase section */

/* Begin PBXShellScriptBuildPhase section */
		437ECB058ED12A10B335B626 /* [CP] Copy Pods Resources */ = {
			isa = PBXShellScriptBuildPhase;
			buildActionMask = 2147483647;
			files = (
			);
			inputFileListPaths = (
				"${PODS_ROOT}/Target Support Files/Pods-Exporter/Pods-Exporter-resources-${CONFIGURATION}-input-files.xcfilelist",
			);
			name = "[CP] Copy Pods Resources";
			outputFileListPaths = (
				"${PODS_ROOT}/Target Support Files/Pods-Exporter/Pods-Exporter-resources-${CONFIGURATION}-output-files.xcfilelist",
			);
			runOnlyForDeploymentPostprocessing = 0;
			shellPath = /bin/sh;
			shellScript = "\"${PODS_ROOT}/Target Support Files/Pods-Exporter/Pods-Exporter-resources.sh\"\n";
			showEnvVarsInLog = 0;
		};
		E5C70A314F48CB7F1D436062 /* [CP] Check Pods Manifest.lock */ = {
			isa = PBXShellScriptBuildPhase;
			buildActionMask = 2147483647;
			files = (
			);
			inputFileListPaths = (
			);
			inputPaths = (
				"${PODS_PODFILE_DIR_PATH}/Podfile.lock",
				"${PODS_ROOT}/Manifest.lock",
			);
			name = "[CP] Check Pods Manifest.lock";
			outputFileListPaths = (
			);
			outputPaths = (
				"$(DERIVED_FILE_DIR)/Pods-Exporter-checkManifestLockResult.txt",
			);
			runOnlyForDeploymentPostprocessing = 0;
			shellPath = /bin/sh;
			shellScript = "diff \"${PODS_PODFILE_DIR_PATH}/Podfile.lock\" \"${PODS_ROOT}/Manifest.lock\" > /dev/null\nif [ $? != 0 ] ; then\n    # print error to STDERR\n    echo \"error: The sandbox is not in sync with the Podfile.lock. Run 'pod install' or update your CocoaPods installation.\" >&2\n    exit 1\nfi\n# This output is used by Xcode 'outputs' to avoid re-running this script phase.\necho \"SUCCESS\" > \"${SCRIPT_OUTPUT_FILE_0}\"\n";
			showEnvVarsInLog = 0;
		};
		EEFCDE8EB0D25479D65ADDAE /* [CP] Embed Pods Frameworks */ = {
			isa = PBXShellScriptBuildPhase;
			buildActionMask = 2147483647;
			files = (
			);
			inputFileListPaths = (
				"${PODS_ROOT}/Target Support Files/Pods-Exporter/Pods-Exporter-frameworks-${CONFIGURATION}-input-files.xcfilelist",
			);
			name = "[CP] Embed Pods Frameworks";
			outputFileListPaths = (
				"${PODS_ROOT}/Target Support Files/Pods-Exporter/Pods-Exporter-frameworks-${CONFIGURATION}-output-files.xcfilelist",
			);
			runOnlyForDeploymentPostprocessing = 0;
			shellPath = /bin/sh;
			shellScript = "\"${PODS_ROOT}/Target Support Files/Pods-Exporter/Pods-Exporter-frameworks.sh\"\n";
			showEnvVarsInLog = 0;
		};
/* End PBXShellScriptBuildPhase section */

/* Begin PBXSourcesBuildPhase section */
		879CB65129553A380020E820 /* Sources */ = {
			isa = PBXSourcesBuildPhase;
			buildActionMask = 2147483647;
			files = (
				879CB65D29553A380020E820 /* ViewController.swift in Sources */,
				879CB67129553A680020E820 /* CompositionInstruction.swift in Sources */,
				879CB65929553A380020E820 /* AppDelegate.swift in Sources */,
				879CB67029553A680020E820 /* Compositor.swift in Sources */,
				879CB67229553A680020E820 /* Exporter.swift in Sources */,
				879CB65B29553A380020E820 /* SceneDelegate.swift in Sources */,
			);
			runOnlyForDeploymentPostprocessing = 0;
		};
/* End PBXSourcesBuildPhase section */

/* Begin PBXVariantGroup section */
		879CB65E29553A380020E820 /* Main.storyboard */ = {
			isa = PBXVariantGroup;
			children = (
				879CB65F29553A380020E820 /* Base */,
			);
			name = Main.storyboard;
			sourceTree = "<group>";
		};
		879CB66329553A390020E820 /* LaunchScreen.storyboard */ = {
			isa = PBXVariantGroup;
			children = (
				879CB66429553A390020E820 /* Base */,
			);
			name = LaunchScreen.storyboard;
			sourceTree = "<group>";
		};
/* End PBXVariantGroup section */

/* Begin XCBuildConfiguration section */
		879CB66729553A390020E820 /* Debug */ = {
			isa = XCBuildConfiguration;
			buildSettings = {
				ALWAYS_SEARCH_USER_PATHS = NO;
				CLANG_ANALYZER_NONNULL = YES;
				CLANG_ANALYZER_NUMBER_OBJECT_CONVERSION = YES_AGGRESSIVE;
				CLANG_CXX_LANGUAGE_STANDARD = "gnu++20";
				CLANG_ENABLE_MODULES = YES;
				CLANG_ENABLE_OBJC_ARC = YES;
				CLANG_ENABLE_OBJC_WEAK = YES;
				CLANG_WARN_BLOCK_CAPTURE_AUTORELEASING = YES;
				CLANG_WARN_BOOL_CONVERSION = YES;
				CLANG_WARN_COMMA = YES;
				CLANG_WARN_CONSTANT_CONVERSION = YES;
				CLANG_WARN_DEPRECATED_OBJC_IMPLEMENTATIONS = YES;
				CLANG_WARN_DIRECT_OBJC_ISA_USAGE = YES_ERROR;
				CLANG_WARN_DOCUMENTATION_COMMENTS = YES;
				CLANG_WARN_EMPTY_BODY = YES;
				CLANG_WARN_ENUM_CONVERSION = YES;
				CLANG_WARN_INFINITE_RECURSION = YES;
				CLANG_WARN_INT_CONVERSION = YES;
				CLANG_WARN_NON_LITERAL_NULL_CONVERSION = YES;
				CLANG_WARN_OBJC_IMPLICIT_RETAIN_SELF = YES;
				CLANG_WARN_OBJC_LITERAL_CONVERSION = YES;
				CLANG_WARN_OBJC_ROOT_CLASS = YES_ERROR;
				CLANG_WARN_QUOTED_INCLUDE_IN_FRAMEWORK_HEADER = YES;
				CLANG_WARN_RANGE_LOOP_ANALYSIS = YES;
				CLANG_WARN_STRICT_PROTOTYPES = YES;
				CLANG_WARN_SUSPICIOUS_MOVE = YES;
				CLANG_WARN_UNGUARDED_AVAILABILITY = YES_AGGRESSIVE;
				CLANG_WARN_UNREACHABLE_CODE = YES;
				CLANG_WARN__DUPLICATE_METHOD_MATCH = YES;
				COPY_PHASE_STRIP = NO;
				DEBUG_INFORMATION_FORMAT = dwarf;
				ENABLE_STRICT_OBJC_MSGSEND = YES;
				ENABLE_TESTABILITY = YES;
				GCC_C_LANGUAGE_STANDARD = gnu11;
				GCC_DYNAMIC_NO_PIC = NO;
				GCC_NO_COMMON_BLOCKS = YES;
				GCC_OPTIMIZATION_LEVEL = 0;
				GCC_PREPROCESSOR_DEFINITIONS = (
					"DEBUG=1",
					"$(inherited)",
				);
				GCC_WARN_64_TO_32_BIT_CONVERSION = YES;
				GCC_WARN_ABOUT_RETURN_TYPE = YES_ERROR;
				GCC_WARN_UNDECLARED_SELECTOR = YES;
				GCC_WARN_UNINITIALIZED_AUTOS = YES_AGGRESSIVE;
				GCC_WARN_UNUSED_FUNCTION = YES;
				GCC_WARN_UNUSED_VARIABLE = YES;
				IPHONEOS_DEPLOYMENT_TARGET = 16.1;
				MTL_ENABLE_DEBUG_INFO = INCLUDE_SOURCE;
				MTL_FAST_MATH = YES;
				ONLY_ACTIVE_ARCH = YES;
				SDKROOT = iphoneos;
				SWIFT_ACTIVE_COMPILATION_CONDITIONS = DEBUG;
				SWIFT_OPTIMIZATION_LEVEL = "-Onone";
			};
			name = Debug;
		};
		879CB66829553A390020E820 /* Release */ = {
			isa = XCBuildConfiguration;
			buildSettings = {
				ALWAYS_SEARCH_USER_PATHS = NO;
				CLANG_ANALYZER_NONNULL = YES;
				CLANG_ANALYZER_NUMBER_OBJECT_CONVERSION = YES_AGGRESSIVE;
				CLANG_CXX_LANGUAGE_STANDARD = "gnu++20";
				CLANG_ENABLE_MODULES = YES;
				CLANG_ENABLE_OBJC_ARC = YES;
				CLANG_ENABLE_OBJC_WEAK = YES;
				CLANG_WARN_BLOCK_CAPTURE_AUTORELEASING = YES;
				CLANG_WARN_BOOL_CONVERSION = YES;
				CLANG_WARN_COMMA = YES;
				CLANG_WARN_CONSTANT_CONVERSION = YES;
				CLANG_WARN_DEPRECATED_OBJC_IMPLEMENTATIONS = YES;
				CLANG_WARN_DIRECT_OBJC_ISA_USAGE = YES_ERROR;
				CLANG_WARN_DOCUMENTATION_COMMENTS = YES;
				CLANG_WARN_EMPTY_BODY = YES;
				CLANG_WARN_ENUM_CONVERSION = YES;
				CLANG_WARN_INFINITE_RECURSION = YES;
				CLANG_WARN_INT_CONVERSION = YES;
				CLANG_WARN_NON_LITERAL_NULL_CONVERSION = YES;
				CLANG_WARN_OBJC_IMPLICIT_RETAIN_SELF = YES;
				CLANG_WARN_OBJC_LITERAL_CONVERSION = YES;
				CLANG_WARN_OBJC_ROOT_CLASS = YES_ERROR;
				CLANG_WARN_QUOTED_INCLUDE_IN_FRAMEWORK_HEADER = YES;
				CLANG_WARN_RANGE_LOOP_ANALYSIS = YES;
				CLANG_WARN_STRICT_PROTOTYPES = YES;
				CLANG_WARN_SUSPICIOUS_MOVE = YES;
				CLANG_WARN_UNGUARDED_AVAILABILITY = YES_AGGRESSIVE;
				CLANG_WARN_UNREACHABLE_CODE = YES;
				CLANG_WARN__DUPLICATE_METHOD_MATCH = YES;
				COPY_PHASE_STRIP = NO;
				DEBUG_INFORMATION_FORMAT = "dwarf-with-dsym";
				ENABLE_NS_ASSERTIONS = NO;
				ENABLE_STRICT_OBJC_MSGSEND = YES;
				GCC_C_LANGUAGE_STANDARD = gnu11;
				GCC_NO_COMMON_BLOCKS = YES;
				GCC_WARN_64_TO_32_BIT_CONVERSION = YES;
				GCC_WARN_ABOUT_RETURN_TYPE = YES_ERROR;
				GCC_WARN_UNDECLARED_SELECTOR = YES;
				GCC_WARN_UNINITIALIZED_AUTOS = YES_AGGRESSIVE;
				GCC_WARN_UNUSED_FUNCTION = YES;
				GCC_WARN_UNUSED_VARIABLE = YES;
				IPHONEOS_DEPLOYMENT_TARGET = 16.1;
				MTL_ENABLE_DEBUG_INFO = NO;
				MTL_FAST_MATH = YES;
				SDKROOT = iphoneos;
				SWIFT_COMPILATION_MODE = wholemodule;
				SWIFT_OPTIMIZATION_LEVEL = "-O";
				VALIDATE_PRODUCT = YES;
			};
			name = Release;
		};
		879CB66A29553A390020E820 /* Debug */ = {
			isa = XCBuildConfiguration;
			baseConfigurationReference = E6DD0DD42702C8989438C75A /* Pods-Exporter.debug.xcconfig */;
			buildSettings = {
				ASSETCATALOG_COMPILER_APPICON_NAME = AppIcon;
				ASSETCATALOG_COMPILER_GLOBAL_ACCENT_COLOR_NAME = AccentColor;
				CODE_SIGN_STYLE = Automatic;
				CURRENT_PROJECT_VERSION = 1;
				DEVELOPMENT_TEAM = AAHMKJNWLX;
				GENERATE_INFOPLIST_FILE = YES;
				INFOPLIST_FILE = Exporter/Resources/Info.plist;
				INFOPLIST_KEY_UIApplicationSupportsIndirectInputEvents = YES;
				INFOPLIST_KEY_UILaunchStoryboardName = LaunchScreen;
				INFOPLIST_KEY_UIMainStoryboardFile = Main;
				INFOPLIST_KEY_UISupportedInterfaceOrientations_iPad = "UIInterfaceOrientationPortrait UIInterfaceOrientationPortraitUpsideDown UIInterfaceOrientationLandscapeLeft UIInterfaceOrientationLandscapeRight";
				INFOPLIST_KEY_UISupportedInterfaceOrientations_iPhone = "UIInterfaceOrientationPortrait UIInterfaceOrientationLandscapeLeft UIInterfaceOrientationLandscapeRight";
				IPHONEOS_DEPLOYMENT_TARGET = 16.0;
				LD_RUNPATH_SEARCH_PATHS = (
					"$(inherited)",
					"@executable_path/Frameworks",
				);
				MARKETING_VERSION = 1.0;
				PRODUCT_BUNDLE_IDENTIFIER = Apple.Exporter;
				PRODUCT_NAME = "$(TARGET_NAME)";
				SWIFT_EMIT_LOC_STRINGS = YES;
				SWIFT_VERSION = 5.0;
				TARGETED_DEVICE_FAMILY = "1,2";
			};
			name = Debug;
		};
		879CB66B29553A390020E820 /* Release */ = {
			isa = XCBuildConfiguration;
			baseConfigurationReference = B6CD0F47F9D1F40A46053ED9 /* Pods-Exporter.release.xcconfig */;
			buildSettings = {
				ASSETCATALOG_COMPILER_APPICON_NAME = AppIcon;
				ASSETCATALOG_COMPILER_GLOBAL_ACCENT_COLOR_NAME = AccentColor;
				CODE_SIGN_STYLE = Automatic;
				CURRENT_PROJECT_VERSION = 1;
				DEVELOPMENT_TEAM = AAHMKJNWLX;
				GENERATE_INFOPLIST_FILE = YES;
				INFOPLIST_FILE = Exporter/Resources/Info.plist;
				INFOPLIST_KEY_UIApplicationSupportsIndirectInputEvents = YES;
				INFOPLIST_KEY_UILaunchStoryboardName = LaunchScreen;
				INFOPLIST_KEY_UIMainStoryboardFile = Main;
				INFOPLIST_KEY_UISupportedInterfaceOrientations_iPad = "UIInterfaceOrientationPortrait UIInterfaceOrientationPortraitUpsideDown UIInterfaceOrientationLandscapeLeft UIInterfaceOrientationLandscapeRight";
				INFOPLIST_KEY_UISupportedInterfaceOrientations_iPhone = "UIInterfaceOrientationPortrait UIInterfaceOrientationLandscapeLeft UIInterfaceOrientationLandscapeRight";
				IPHONEOS_DEPLOYMENT_TARGET = 16.0;
				LD_RUNPATH_SEARCH_PATHS = (
					"$(inherited)",
					"@executable_path/Frameworks",
				);
				MARKETING_VERSION = 1.0;
				PRODUCT_BUNDLE_IDENTIFIER = Apple.Exporter;
				PRODUCT_NAME = "$(TARGET_NAME)";
				SWIFT_EMIT_LOC_STRINGS = YES;
				SWIFT_VERSION = 5.0;
				TARGETED_DEVICE_FAMILY = "1,2";
			};
			name = Release;
		};
/* End XCBuildConfiguration section */

/* Begin XCConfigurationList section */
		879CB65029553A380020E820 /* Build configuration list for PBXProject "Exporter" */ = {
			isa = XCConfigurationList;
			buildConfigurations = (
				879CB66729553A390020E820 /* Debug */,
				879CB66829553A390020E820 /* Release */,
			);
			defaultConfigurationIsVisible = 0;
			defaultConfigurationName = Release;
		};
		879CB66929553A390020E820 /* Build configuration list for PBXNativeTarget "Exporter" */ = {
			isa = XCConfigurationList;
			buildConfigurations = (
				879CB66A29553A390020E820 /* Debug */,
				879CB66B29553A390020E820 /* Release */,
			);
			defaultConfigurationIsVisible = 0;
			defaultConfigurationName = Release;
		};
/* End XCConfigurationList section */
	};
	rootObject = 879CB64D29553A380020E820 /* Project object */;
}
