PODS:
  - Harbeth (0.5.9):
    - Harbeth/Basic (= 0.5.9)
    - Harbeth/Collector (= 0.5.9)
    - Harbeth/Compute (= 0.5.9)
    - Harbeth/CoreImage (= 0.5.9)
  - Harbeth/Basic (0.5.9)
  - Harbeth/Collector (0.5.9):
    - Harbeth/Basic
  - Harbeth/Compute (0.5.9):
    - Harbeth/Basic
  - Harbeth/CoreImage (0.5.9):
    - Harbeth/Basic
  - Kakapos (1.0.0)

DEPENDENCIES:
  - Harbeth
  - Kakapos (from `../`)

SPEC REPOS:
  trunk:
    - Harbeth

EXTERNAL SOURCES:
  Kakapos:
    :path: "../"

SPEC CHECKSUMS:
  Harbeth: cba742b960c5a0530711de4964808df619ebed6c
  Kakapos: 2484f60984ff3b01b4aa2807df2df8895ede945a

PODFILE CHECKSUM: a3a6843ef9c2381ede1a9d1c95805d12875ce993

COCOAPODS: 1.11.3
