PODS:
  - Harbeth (0.5.8):
    - Harbeth/Basic (= 0.5.8)
    - Harbeth/Collector (= 0.5.8)
    - Harbeth/Compute (= 0.5.8)
    - Harbeth/CoreImage (= 0.5.8)
  - Harbeth/Basic (0.5.8)
  - Harbeth/Collector (0.5.8):
    - Harbeth/Basic
  - Harbeth/Compute (0.5.8):
    - Harbeth/Basic
  - Harbeth/CoreImage (0.5.8):
    - Harbeth/Basic
  - Kakapos (1.0.0)

DEPENDENCIES:
  - Harbeth
  - Kakapos (from `../`)

SPEC REPOS:
  trunk:
    - Harbeth

EXTERNAL SOURCES:
  Kakapos:
    :path: "../"

SPEC CHECKSUMS:
  Harbeth: a329841b51b31a5448c3679e1dafd526cae23d2c
  Kakapos: 2484f60984ff3b01b4aa2807df2df8895ede945a

PODFILE CHECKSUM: 44e7d098713ead3518e46522002e9db30fb3cac5

COCOAPODS: 1.11.3
