PODS:
  - Harbeth (0.5.8):
    - Harbeth/Basic (= 0.5.8)
    - Harbeth/Collector (= 0.5.8)
    - Harbeth/Compute (= 0.5.8)
    - Harbeth/CoreImage (= 0.5.8)
  - Harbeth/Basic (0.5.8)
  - Harbeth/Collector (0.5.8):
    - Harbeth/Basic
  - Harbeth/Compute (0.5.8):
    - Harbeth/Basic
  - Harbeth/CoreImage (0.5.8):
    - Harbeth/Basic
  - Kakapo (0.0.1)
  - Toast-Swift (5.0.1)

DEPENDENCIES:
  - Harbeth
  - Kakapo (from `../`)
  - Toast-Swift

SPEC REPOS:
  trunk:
    - Harbeth
    - Toast-Swift

EXTERNAL SOURCES:
  Kakapo:
    :path: "../"

SPEC CHECKSUMS:
  Harbeth: a329841b51b31a5448c3679e1dafd526cae23d2c
  Kakapo: 3449c817ed2372f7b331c37d79184cefeee3cc8e
  Toast-Swift: 9b6a70f28b3bf0b96c40d46c0c4b9d6639846711

PODFILE CHECKSUM: b410ef64fc963ee613c5db3ce935a85e6e653edc

COCOAPODS: 1.11.3
