PODS:
  - Harbeth (0.5.8):
    - Harbeth/Basic (= 0.5.8)
    - Harbeth/Collector (= 0.5.8)
    - Harbeth/Compute (= 0.5.8)
    - Harbeth/CoreImage (= 0.5.8)
  - Harbeth/Basic (0.5.8)
  - Harbeth/Collector (0.5.8):
    - Harbeth/Basic
  - Harbeth/Compute (0.5.8):
    - Harbeth/Basic
  - Harbeth/CoreImage (0.5.8):
    - Harbeth/Basic
  - Kakapos (1.0.0)
  - Toast-Swift (5.0.1)

DEPENDENCIES:
  - Harbeth
  - Kakapos (from `../`)
  - Toast-Swift

SPEC REPOS:
  trunk:
    - Harbeth
    - Toast-Swift

EXTERNAL SOURCES:
  Kakapos:
    :path: "../"

SPEC CHECKSUMS:
  Harbeth: a329841b51b31a5448c3679e1dafd526cae23d2c
  Kakapos: 2484f60984ff3b01b4aa2807df2df8895ede945a
  Toast-Swift: 9b6a70f28b3bf0b96c40d46c0c4b9d6639846711

PODFILE CHECKSUM: e02115127314bab2878324a5bf9ec4b3dd16a701

COCOAPODS: 1.11.3
