{
  "originHash" : "12d4722e96837724982167c3788ada1c9927ef8d800835cc915b25f2c14c972d",
  "pins" : [
    {
      "identity" : "harbeth",
      "kind" : "remoteSourceControl",
      "location" : "https://github.com/yangKJ/Harbeth",
      "state" : {
        "revision" : "782ba3ff5c60e83010f6a6c1a06aea2a9bad767b",
        "version" : "2.0.0"
      }
    }
  ],
  "version" : 3
}
