{
  "pins" : [
    {
      "identity" : "activityindicatorview",
      "kind" : "remoteSourceControl",
      "location" : "https://github.com/exyte/ActivityIndicatorView.git",
      "state" : {
        "revision" : "9970fd0bb7a05dad0b6566ae1f56937716686b24",
        "version" : "1.1.1"
      }
    },
    {
      "identity" : "harbeth",
      "kind" : "remoteSourceControl",
      "location" : "https://github.com/yangKJ/Harbeth.git",
      "state" : {
        "revision" : "0fa511e2ca8bb5a4b0ec55ef30e6aaa104d0b346",
        "version" : "1.1.9"
      }
    }
  ],
  "version" : 2
}
